
Microsoft Visual Studio Solution File, Format Version 12.00
# Visual Studio Version 17
VisualStudioVersion = 17.5.33530.505
MinimumVisualStudioVersion = 10.0.40219.1
Project("{9A19103F-16F7-4668-BE54-9A1E7A4F7556}") = "Entidades", "Entidades\Entidades.csproj", "{DB4D5887-0305-4304-AD79-ED0712928D29}"
EndProject
Project("{FAE04EC0-301F-11D3-BF4B-00C04F79EFBC}") = "Menu", "Menu\Menu.csproj", "{A361F490-AE1B-4435-A2AE-D7673B545520}"
EndProject
Global
	GlobalSection(SolutionConfigurationPlatforms) = preSolution
		Debug|Any CPU = Debug|Any CPU
		Release|Any CPU = Release|Any CPU
	EndGlobalSection
	GlobalSection(ProjectConfigurationPlatforms) = postSolution
		{DB4D5887-0305-4304-AD79-ED0712928D29}.Debug|Any CPU.ActiveCfg = Debug|Any CPU
		{DB4D5887-0305-4304-AD79-ED0712928D29}.Debug|Any CPU.Build.0 = Debug|Any CPU
		{DB4D5887-0305-4304-AD79-ED0712928D29}.Release|Any CPU.ActiveCfg = Release|Any CPU
		{DB4D5887-0305-4304-AD79-ED0712928D29}.Release|Any CPU.Build.0 = Release|Any CPU
		{A361F490-AE1B-4435-A2AE-D7673B545520}.Debug|Any CPU.ActiveCfg = Debug|Any CPU
		{A361F490-AE1B-4435-A2AE-D7673B545520}.Debug|Any CPU.Build.0 = Debug|Any CPU
		{A361F490-AE1B-4435-A2AE-D7673B545520}.Release|Any CPU.ActiveCfg = Release|Any CPU
		{A361F490-AE1B-4435-A2AE-D7673B545520}.Release|Any CPU.Build.0 = Release|Any CPU
	EndGlobalSection
	GlobalSection(SolutionProperties) = preSolution
		HideSolutionNode = FALSE
	EndGlobalSection
	GlobalSection(ExtensibilityGlobals) = postSolution
		SolutionGuid = {CCB16909-C15E-43C8-AC67-B3AB0C478880}
	EndGlobalSection
EndGlobal
